{
    "version": "0.5",
    "requires": [
        "zstd/1.5.7#b68ca8e3de04ba5957761751d1d661f4%1760955092.069",
        "zlib/1.3.1#cac0f6daea041b0ccf42934163defb20%1765284699.337",
        "xz_utils/5.8.1#0c67d0683aca2f1ca69a17730a65a1e7%1764347087.521",
        "redis-plus-plus/1.3.12#7cd22cc871af282feb12bb939f118de5%1743596179.676",
        "re2/20230301#3d3c2b323893c0cb89b55d0c3b281724%1764857321.217",
        "protobuf/5.27.0#99c5d5f87d1eea580a2234238020821b%1768401326.052",
        "pcre2/10.42#9a35f5089feb875ec61a38eca364ce77%1743524593.693",
        "openssl/3.0.13#382f06cefab0c0add058c4c767f9795c%1726234633.275",
        "libsodium/1.0.19#b215e0fa25a9adc06ce2d4f5ac5c86fa%1743063882.011",
        "libselinux/3.6#5a78ff6ae5034eeaac8da723361a8ce4%1717655459.344",
        "libsecret/0.20.5#ede8a8875f55237f940b4c4285f5f094%1718202619.672",
        "libmount/2.39.2#64850679fa9d5ead878e5076b0cab2a8%1705591482.625",
        "libgpg-error/1.36#0aac579bcc722ad8fcfaf2d27620b910%1708101144.175",
        "libgcrypt/1.10.3#6f316f309fc53a02afe35e163c67c16e%1704057367.598",
        "libffi/3.4.8#a045c00fb26779635e3bed40e80c5254%1753360042.396",
        "libcap/2.69#7ef2d60864c2e58e89db957be936dc49%1693427138.461",
        "hiredis/1.2.0#a9ec78dc570138db9159da885150781d%1744279487.701",
        "gtest/1.14.0#f8f0757a574a8dd747d16af62d6eb1b7%1743410807.169",
        "grpc/1.65.0#38c2f71c0dcad882681a571439b2a21a%1761821355.469",
        "glib/2.78.3#ab1631d8312dedc7e1dd3706e568ed6d%1749222670.45",
        "elfutils/0.190#8e8c47bd9b2578e29a0341b09b977be8%1739188192.515",
        "cyrus-sasl/2.1.28#1d953f6cabbc883b972fea630431f555%1769392993.8037171",
        "c-ares/1.34.6#545240bb1c40e2cacd4362d6b8967650%1766500685.317",
        "bzip2/1.0.8#c470882369c2d95c5c77e970c0c7e321%1762886692.465",
        "abseil/20240116.1#2268bfdb1f2c8bfc0bda4fe46c24efa4%1761741499.974"
    ],
    "build_requires": [
        "zstd/1.5.7#b68ca8e3de04ba5957761751d1d661f4%1760955092.069",
        "zlib/1.3.1#cac0f6daea041b0ccf42934163defb20%1765284699.337",
        "xz_utils/5.8.1#0c67d0683aca2f1ca69a17730a65a1e7%1764347087.521",
        "protobuf/5.27.0#99c5d5f87d1eea580a2234238020821b%1768401326.052",
        "pkgconf/2.5.1#93c2051284cba1279494a43a4fcfeae2%1757684701.089",
        "pkgconf/2.2.0#4ac315b50ef734072b00ff3aacbf52bf%1755505628.021",
        "pcre2/10.42#9a35f5089feb875ec61a38eca364ce77%1743524593.693",
        "ninja/1.13.2#c8c5dc2a52ed6e4e42a66d75b4717ceb%1764096931.974",
        "meson/1.10.0#60786758ea978964c24525de19603cf4%1768294926.103",
        "meson/1.4.1#43b753adf9a089cadfa17c8034f5c897%1726730117.486",
        "m4/1.4.19#b38ced39a01e31fef5435bc634461fd2%1700758725.451",
        "libselinux/3.6#5a78ff6ae5034eeaac8da723361a8ce4%1717655459.344",
        "libmount/2.39.2#64850679fa9d5ead878e5076b0cab2a8%1705591482.625",
        "libiconv/1.17#1e65319e945f2d31941a9d28cc13c058%1751451666.321",
        "libffi/3.4.8#a045c00fb26779635e3bed40e80c5254%1753360042.396",
        "gnu-config/cci.20210814#466e9d4d7779e1c142443f7ea44b4284%1762363589.329",
        "glib/2.78.3#ab1631d8312dedc7e1dd3706e568ed6d%1749222670.45",
        "gettext/0.22.5#2f6edba611e8db1a8a18488b116e8c2a%1765299121.036",
        "flex/2.6.4#efa781fc5088b47c895bd4eef6911f2e%1761560242.855",
        "elfutils/0.190#8e8c47bd9b2578e29a0341b09b977be8%1739188192.515",
        "cmake/3.31.10#313d16a1aa16bbdb2ca0792467214b76%1763665505.054",
        "bzip2/1.0.8#c470882369c2d95c5c77e970c0c7e321%1762886692.465",
        "bison/3.8.2#c3490cbe0078b6fd3eb4cf5ed64144dc%1755688988.644",
        "automake/1.16.5#b91b7c384c3deaa9d535be02da14d04f%1755524470.56",
        "autoconf/2.71#51077f068e61700d65bb05541ea1e4b0%1731054366.86",
        "abseil/20240116.1#2268bfdb1f2c8bfc0bda4fe46c24efa4%1761741499.974"
    ],
    "python_requires": [],
    "config_requires": []
}